
Microsoft Visual Studio Solution File, Format Version 12.00
# Visual Studio Version 17
VisualStudioVersion = 17.11.35327.3
MinimumVisualStudioVersion = 10.0.40219.1
Project("{FAE04EC0-301F-11D3-BF4B-00C04F79EFBC}") = "Ges_dette", "Ges_dette\Ges_dette.csproj", "{2B9BCB4A-EC40-4112-ABE3-C6A594B8C2B7}"
EndProject
Global
	GlobalSection(SolutionConfigurationPlatforms) = preSolution
		Debug|Any CPU = Debug|Any CPU
		Release|Any CPU = Release|Any CPU
	EndGlobalSection
	GlobalSection(ProjectConfigurationPlatforms) = postSolution
		{2B9BCB4A-EC40-4112-ABE3-C6A594B8C2B7}.Debug|Any CPU.ActiveCfg = Debug|Any CPU
		{2B9BCB4A-EC40-4112-ABE3-C6A594B8C2B7}.Debug|Any CPU.Build.0 = Debug|Any CPU
		{2B9BCB4A-EC40-4112-ABE3-C6A594B8C2B7}.Release|Any CPU.ActiveCfg = Release|Any CPU
		{2B9BCB4A-EC40-4112-ABE3-C6A594B8C2B7}.Release|Any CPU.Build.0 = Release|Any CPU
	EndGlobalSection
	GlobalSection(SolutionProperties) = preSolution
		HideSolutionNode = FALSE
	EndGlobalSection
	GlobalSection(ExtensibilityGlobals) = postSolution
		SolutionGuid = {3924E4A8-AAAD-475F-B0AC-61F2C7CC6988}
	EndGlobalSection
EndGlobal
